
Microsoft Visual Studio Solution File, Format Version 12.00
# Visual Studio 2013
VisualStudioVersion = 12.0.21005.1
MinimumVisualStudioVersion = 10.0.40219.1
Project("{FAE04EC0-301F-11D3-BF4B-00C04F79EFBC}") = "app", "app.csproj", "{AABC5973-EAD9-490F-88FD-528E2F99EAFD}"
EndProject
Project("{FAE04EC0-301F-11D3-BF4B-00C04F79EFBC}") = "app.ViewModels", "app.ViewModels.csproj", "{201BCBE2-7D90-4AA8-AD84-E2DE0DF5D5F1}"
EndProject
Project("{2150E333-8FDC-42A3-9474-1A3956D46DE8}") = ".nuget", ".nuget", "{4CECCC07-7692-42E5-8681-C144BC3860F2}"
	ProjectSection(SolutionItems) = preProject
		.nuget\packages.config = .nuget\packages.config
	EndProjectSection
EndProject
Global
	GlobalSection(SolutionConfigurationPlatforms) = preSolution
		Debug|Any CPU = Debug|Any CPU
		Release|Any CPU = Release|Any CPU
	EndGlobalSection
	GlobalSection(ProjectConfigurationPlatforms) = postSolution
		{AABC5973-EAD9-490F-88FD-528E2F99EAFD}.Debug|Any CPU.ActiveCfg = Debug|Any CPU
		{AABC5973-EAD9-490F-88FD-528E2F99EAFD}.Debug|Any CPU.Build.0 = Debug|Any CPU
		{AABC5973-EAD9-490F-88FD-528E2F99EAFD}.Release|Any CPU.ActiveCfg = Release|Any CPU
		{AABC5973-EAD9-490F-88FD-528E2F99EAFD}.Release|Any CPU.Build.0 = Release|Any CPU
		{201BCBE2-7D90-4AA8-AD84-E2DE0DF5D5F1}.Debug|Any CPU.ActiveCfg = Debug|Any CPU
		{201BCBE2-7D90-4AA8-AD84-E2DE0DF5D5F1}.Debug|Any CPU.Build.0 = Debug|Any CPU
		{201BCBE2-7D90-4AA8-AD84-E2DE0DF5D5F1}.Release|Any CPU.ActiveCfg = Release|Any CPU
		{201BCBE2-7D90-4AA8-AD84-E2DE0DF5D5F1}.Release|Any CPU.Build.0 = Release|Any CPU
	EndGlobalSection
	GlobalSection(SolutionProperties) = preSolution
		HideSolutionNode = FALSE
	EndGlobalSection
EndGlobal
